
Microsoft Visual Studio Solution File, Format Version 12.00
# Visual Studio 14
VisualStudioVersion = 14.0.25420.1
MinimumVisualStudioVersion = 10.0.40219.1
Project("{FAE04EC0-301F-11D3-BF4B-00C04F79EFBC}") = "SoaProject", "SoaProject\SoaProject.csproj", "{E01BF56D-E940-445B-9E4D-0149D6C3D902}"
EndProject
Project("{CC5FD16D-436D-48AD-A40C-5A424C6E3E79}") = "SoaProject.Azure", "SoaProject.Azure\SoaProject.Azure.ccproj", "{B49CE71D-6751-443D-9B4C-E9E33C23A2A8}"
EndProject
Global
	GlobalSection(SolutionConfigurationPlatforms) = preSolution
		Debug|Any CPU = Debug|Any CPU
		Release|Any CPU = Release|Any CPU
	EndGlobalSection
	GlobalSection(ProjectConfigurationPlatforms) = postSolution
		{E01BF56D-E940-445B-9E4D-0149D6C3D902}.Debug|Any CPU.ActiveCfg = Debug|Any CPU
		{E01BF56D-E940-445B-9E4D-0149D6C3D902}.Debug|Any CPU.Build.0 = Debug|Any CPU
		{E01BF56D-E940-445B-9E4D-0149D6C3D902}.Release|Any CPU.ActiveCfg = Release|Any CPU
		{E01BF56D-E940-445B-9E4D-0149D6C3D902}.Release|Any CPU.Build.0 = Release|Any CPU
		{B49CE71D-6751-443D-9B4C-E9E33C23A2A8}.Debug|Any CPU.ActiveCfg = Debug|Any CPU
		{B49CE71D-6751-443D-9B4C-E9E33C23A2A8}.Debug|Any CPU.Build.0 = Debug|Any CPU
		{B49CE71D-6751-443D-9B4C-E9E33C23A2A8}.Release|Any CPU.ActiveCfg = Release|Any CPU
		{B49CE71D-6751-443D-9B4C-E9E33C23A2A8}.Release|Any CPU.Build.0 = Release|Any CPU
	EndGlobalSection
	GlobalSection(SolutionProperties) = preSolution
		HideSolutionNode = FALSE
	EndGlobalSection
EndGlobal
